
Microsoft Visual Studio Solution File, Format Version 12.00
# Visual Studio Version 17
VisualStudioVersion = 17.0.31423.177
MinimumVisualStudioVersion = 10.0.40219.1
Project("{00D1A9C2-B5F0-4AF3-8072-F6C62B433612}") = "VR-Database", "VR-Database\VR-Database.sqlproj", "{AD0A7318-D16E-4EE7-913D-A04996064809}"
EndProject
Project("{FAE04EC0-301F-11D3-BF4B-00C04F79EFBC}") = "VR-Entity", "VR-Entity\VR-Entity.csproj", "{024BF818-02AB-4714-9154-64AAF5AEF081}"
EndProject
Project("{FAE04EC0-301F-11D3-BF4B-00C04F79EFBC}") = "VR-SQLContext", "VR-SQLContext\VR-SQLContext.csproj", "{F7B8CBF7-E150-461D-BB74-DFA8DCF53C04}"
EndProject
Global
	GlobalSection(SolutionConfigurationPlatforms) = preSolution
		Debug|Any CPU = Debug|Any CPU
		Release|Any CPU = Release|Any CPU
	EndGlobalSection
	GlobalSection(ProjectConfigurationPlatforms) = postSolution
		{AD0A7318-D16E-4EE7-913D-A04996064809}.Debug|Any CPU.ActiveCfg = Debug|Any CPU
		{AD0A7318-D16E-4EE7-913D-A04996064809}.Debug|Any CPU.Build.0 = Debug|Any CPU
		{AD0A7318-D16E-4EE7-913D-A04996064809}.Debug|Any CPU.Deploy.0 = Debug|Any CPU
		{AD0A7318-D16E-4EE7-913D-A04996064809}.Release|Any CPU.ActiveCfg = Release|Any CPU
		{AD0A7318-D16E-4EE7-913D-A04996064809}.Release|Any CPU.Build.0 = Release|Any CPU
		{AD0A7318-D16E-4EE7-913D-A04996064809}.Release|Any CPU.Deploy.0 = Release|Any CPU
		{024BF818-02AB-4714-9154-64AAF5AEF081}.Debug|Any CPU.ActiveCfg = Debug|Any CPU
		{024BF818-02AB-4714-9154-64AAF5AEF081}.Debug|Any CPU.Build.0 = Debug|Any CPU
		{024BF818-02AB-4714-9154-64AAF5AEF081}.Release|Any CPU.ActiveCfg = Release|Any CPU
		{024BF818-02AB-4714-9154-64AAF5AEF081}.Release|Any CPU.Build.0 = Release|Any CPU
		{F7B8CBF7-E150-461D-BB74-DFA8DCF53C04}.Debug|Any CPU.ActiveCfg = Debug|Any CPU
		{F7B8CBF7-E150-461D-BB74-DFA8DCF53C04}.Debug|Any CPU.Build.0 = Debug|Any CPU
		{F7B8CBF7-E150-461D-BB74-DFA8DCF53C04}.Release|Any CPU.ActiveCfg = Release|Any CPU
		{F7B8CBF7-E150-461D-BB74-DFA8DCF53C04}.Release|Any CPU.Build.0 = Release|Any CPU
	EndGlobalSection
	GlobalSection(SolutionProperties) = preSolution
		HideSolutionNode = FALSE
	EndGlobalSection
	GlobalSection(ExtensibilityGlobals) = postSolution
		SolutionGuid = {D6913251-188C-471B-ABCA-75529CAEA190}
	EndGlobalSection
EndGlobal
