
Microsoft Visual Studio Solution File, Format Version 12.00
# Visual Studio Version 17
VisualStudioVersion = 17.0.31423.177
MinimumVisualStudioVersion = 10.0.40219.1
Project("{00D1A9C2-B5F0-4AF3-8072-F6C62B433612}") = "Relational-Database", "Relational\Database\Relational-Database.sqlproj", "{AD0A7318-D16E-4EE7-913D-A04996064809}"
EndProject
Project("{9A19103F-16F7-4668-BE54-9A1E7A4F7556}") = "Relational-Entity", "Relational\Entity\Relational-Entity.csproj", "{BA178C5A-4ABC-4225-A3AE-F33DB024A9AE}"
EndProject
Project("{9A19103F-16F7-4668-BE54-9A1E7A4F7556}") = "Relational-Context", "Relational\Context\Relational-Context.csproj", "{FC6139FB-D28B-4F7C-86BA-F2BA15BFDF90}"
EndProject
Project("{2150E333-8FDC-42A3-9474-1A3956D46DE8}") = "Relational", "Relational", "{50A730F1-280D-4591-95C0-C97F60EE0990}"
EndProject
Project("{2150E333-8FDC-42A3-9474-1A3956D46DE8}") = "NoSQL", "NoSQL", "{DAA74D2F-689D-4CCE-830D-8A566DEDEFA7}"
EndProject
Project("{9A19103F-16F7-4668-BE54-9A1E7A4F7556}") = "NoSQL-Entity", "NoSQL\Entity\NoSQL-Entity.csproj", "{9863A223-2BDE-4F6E-A6FE-CF511800AD00}"
EndProject
Project("{2150E333-8FDC-42A3-9474-1A3956D46DE8}") = "Utilities", "Utilities", "{98DB3B40-F235-495F-8E6E-47C3A6F86A6C}"
EndProject
Project("{FAE04EC0-301F-11D3-BF4B-00C04F79EFBC}") = "Utilities-MigrateToCosmos", "Utilities\Utilities-MigrateToCosmos\Utilities-MigrateToCosmos.csproj", "{F492AF8C-F68A-453F-BD06-FD7863B35510}"
EndProject
Global
	GlobalSection(SolutionConfigurationPlatforms) = preSolution
		Debug|Any CPU = Debug|Any CPU
		Release|Any CPU = Release|Any CPU
	EndGlobalSection
	GlobalSection(ProjectConfigurationPlatforms) = postSolution
		{AD0A7318-D16E-4EE7-913D-A04996064809}.Debug|Any CPU.ActiveCfg = Debug|Any CPU
		{AD0A7318-D16E-4EE7-913D-A04996064809}.Debug|Any CPU.Build.0 = Debug|Any CPU
		{AD0A7318-D16E-4EE7-913D-A04996064809}.Debug|Any CPU.Deploy.0 = Debug|Any CPU
		{AD0A7318-D16E-4EE7-913D-A04996064809}.Release|Any CPU.ActiveCfg = Release|Any CPU
		{AD0A7318-D16E-4EE7-913D-A04996064809}.Release|Any CPU.Build.0 = Release|Any CPU
		{AD0A7318-D16E-4EE7-913D-A04996064809}.Release|Any CPU.Deploy.0 = Release|Any CPU
		{BA178C5A-4ABC-4225-A3AE-F33DB024A9AE}.Debug|Any CPU.ActiveCfg = Debug|Any CPU
		{BA178C5A-4ABC-4225-A3AE-F33DB024A9AE}.Debug|Any CPU.Build.0 = Debug|Any CPU
		{BA178C5A-4ABC-4225-A3AE-F33DB024A9AE}.Release|Any CPU.ActiveCfg = Release|Any CPU
		{BA178C5A-4ABC-4225-A3AE-F33DB024A9AE}.Release|Any CPU.Build.0 = Release|Any CPU
		{FC6139FB-D28B-4F7C-86BA-F2BA15BFDF90}.Debug|Any CPU.ActiveCfg = Debug|Any CPU
		{FC6139FB-D28B-4F7C-86BA-F2BA15BFDF90}.Debug|Any CPU.Build.0 = Debug|Any CPU
		{FC6139FB-D28B-4F7C-86BA-F2BA15BFDF90}.Release|Any CPU.ActiveCfg = Release|Any CPU
		{FC6139FB-D28B-4F7C-86BA-F2BA15BFDF90}.Release|Any CPU.Build.0 = Release|Any CPU
		{9863A223-2BDE-4F6E-A6FE-CF511800AD00}.Debug|Any CPU.ActiveCfg = Debug|Any CPU
		{9863A223-2BDE-4F6E-A6FE-CF511800AD00}.Debug|Any CPU.Build.0 = Debug|Any CPU
		{9863A223-2BDE-4F6E-A6FE-CF511800AD00}.Release|Any CPU.ActiveCfg = Release|Any CPU
		{9863A223-2BDE-4F6E-A6FE-CF511800AD00}.Release|Any CPU.Build.0 = Release|Any CPU
		{F492AF8C-F68A-453F-BD06-FD7863B35510}.Debug|Any CPU.ActiveCfg = Debug|Any CPU
		{F492AF8C-F68A-453F-BD06-FD7863B35510}.Debug|Any CPU.Build.0 = Debug|Any CPU
		{F492AF8C-F68A-453F-BD06-FD7863B35510}.Release|Any CPU.ActiveCfg = Release|Any CPU
		{F492AF8C-F68A-453F-BD06-FD7863B35510}.Release|Any CPU.Build.0 = Release|Any CPU
	EndGlobalSection
	GlobalSection(SolutionProperties) = preSolution
		HideSolutionNode = FALSE
	EndGlobalSection
	GlobalSection(NestedProjects) = preSolution
		{AD0A7318-D16E-4EE7-913D-A04996064809} = {50A730F1-280D-4591-95C0-C97F60EE0990}
		{BA178C5A-4ABC-4225-A3AE-F33DB024A9AE} = {50A730F1-280D-4591-95C0-C97F60EE0990}
		{FC6139FB-D28B-4F7C-86BA-F2BA15BFDF90} = {50A730F1-280D-4591-95C0-C97F60EE0990}
		{9863A223-2BDE-4F6E-A6FE-CF511800AD00} = {DAA74D2F-689D-4CCE-830D-8A566DEDEFA7}
		{F492AF8C-F68A-453F-BD06-FD7863B35510} = {98DB3B40-F235-495F-8E6E-47C3A6F86A6C}
	EndGlobalSection
	GlobalSection(ExtensibilityGlobals) = postSolution
		SolutionGuid = {D6913251-188C-471B-ABCA-75529CAEA190}
	EndGlobalSection
EndGlobal
